
Microsoft Visual Studio Solution File, Format Version 12.00
Project("{FAE04EC0-301F-11D3-BF4B-00C04F79EFBC}") = "RadWareF1.API", "RadWareF1.API\RadWareF1.API.csproj", "{7C7992D3-0E53-4065-9A4D-ED003A029284}"
EndProject
Project("{FAE04EC0-301F-11D3-BF4B-00C04F79EFBC}") = "RadwareF1.Domain", "RadwareF1.Domain\RadwareF1.Domain.csproj", "{4173C613-7769-4987-8E28-E9D2F9CD6B5E}"
EndProject
Project("{FAE04EC0-301F-11D3-BF4B-00C04F79EFBC}") = "RadWareF1.Application", "RadWareF1.Application\RadWareF1.Application.csproj", "{E3AD2502-B6C0-489C-A9B2-0ED5AD95110F}"
EndProject
Project("{FAE04EC0-301F-11D3-BF4B-00C04F79EFBC}") = "RadWareF1.Persistance", "RadWareF1.Persistance\RadWareF1.Persistance.csproj", "{8F59553D-0A53-4C04-A838-FAEC3C2345B6}"
EndProject
Project("{FAE04EC0-301F-11D3-BF4B-00C04F79EFBC}") = "RadWareF1.Infrastructure", "RadWareF1.Infrastructure\RadWareF1.Infrastructure.csproj", "{4C1BF059-29E2-4748-85EE-5460C0C0C3AB}"
EndProject
Project("{FAE04EC0-301F-11D3-BF4B-00C04F79EFBC}") = "RadWareF1.Tests", "RadWareF1.Tests\RadWareF1.Tests.csproj", "{1B47F21A-CA16-489D-A581-F88931466AC3}"
EndProject
Project("{2150E333-8FDC-42A3-9474-1A3956D46DE8}") = "Clients", "Clients", "{B35A1D15-2ECF-4C6D-9F95-E955A610E8D2}"
EndProject
Project("{2150E333-8FDC-42A3-9474-1A3956D46DE8}") = "Web App", "Web App", "{A8C7DB11-556A-4B5E-BD92-F2E1A84C7A3A}"
	ProjectSection(SolutionItems) = preProject
		web-app\.env.example = web-app\.env.example
		web-app\package.json = web-app\package.json
		web-app\package-lock.json = web-app\package-lock.json
		web-app\next.config.ts = web-app\next.config.ts
		web-app\tsconfig.json = web-app\tsconfig.json
		web-app\eslint.config.mjs = web-app\eslint.config.mjs
		web-app\postcss.config.mjs = web-app\postcss.config.mjs
		web-app\src\app\layout.tsx = web-app\src\app\layout.tsx
		web-app\src\app\page.tsx = web-app\src\app\page.tsx
		web-app\src\app\globals.css = web-app\src\app\globals.css
		web-app\src\components\layout\app-frame.tsx = web-app\src\components\layout\app-frame.tsx
		web-app\src\components\ui\info-card.tsx = web-app\src\components\ui\info-card.tsx
		web-app\src\components\ui\section-heading.tsx = web-app\src\components\ui\section-heading.tsx
		web-app\src\features\app\api.ts = web-app\src\features\app\api.ts
		web-app\src\features\app\f1shots-web-app.tsx = web-app\src\features\app\f1shots-web-app.tsx
		web-app\src\features\app\types.ts = web-app\src\features\app\types.ts
	EndProjectSection
EndProject
Global
	GlobalSection(SolutionConfigurationPlatforms) = preSolution
		Debug|Any CPU = Debug|Any CPU
		Release|Any CPU = Release|Any CPU
	EndGlobalSection
	GlobalSection(ProjectConfigurationPlatforms) = postSolution
		{7C7992D3-0E53-4065-9A4D-ED003A029284}.Debug|Any CPU.ActiveCfg = Debug|Any CPU
		{7C7992D3-0E53-4065-9A4D-ED003A029284}.Debug|Any CPU.Build.0 = Debug|Any CPU
		{7C7992D3-0E53-4065-9A4D-ED003A029284}.Release|Any CPU.ActiveCfg = Release|Any CPU
		{7C7992D3-0E53-4065-9A4D-ED003A029284}.Release|Any CPU.Build.0 = Release|Any CPU
		{4173C613-7769-4987-8E28-E9D2F9CD6B5E}.Debug|Any CPU.ActiveCfg = Debug|Any CPU
		{4173C613-7769-4987-8E28-E9D2F9CD6B5E}.Debug|Any CPU.Build.0 = Debug|Any CPU
		{4173C613-7769-4987-8E28-E9D2F9CD6B5E}.Release|Any CPU.ActiveCfg = Release|Any CPU
		{4173C613-7769-4987-8E28-E9D2F9CD6B5E}.Release|Any CPU.Build.0 = Release|Any CPU
		{E3AD2502-B6C0-489C-A9B2-0ED5AD95110F}.Debug|Any CPU.ActiveCfg = Debug|Any CPU
		{E3AD2502-B6C0-489C-A9B2-0ED5AD95110F}.Debug|Any CPU.Build.0 = Debug|Any CPU
		{E3AD2502-B6C0-489C-A9B2-0ED5AD95110F}.Release|Any CPU.ActiveCfg = Release|Any CPU
		{E3AD2502-B6C0-489C-A9B2-0ED5AD95110F}.Release|Any CPU.Build.0 = Release|Any CPU
		{8F59553D-0A53-4C04-A838-FAEC3C2345B6}.Debug|Any CPU.ActiveCfg = Debug|Any CPU
		{8F59553D-0A53-4C04-A838-FAEC3C2345B6}.Debug|Any CPU.Build.0 = Debug|Any CPU
		{8F59553D-0A53-4C04-A838-FAEC3C2345B6}.Release|Any CPU.ActiveCfg = Release|Any CPU
		{8F59553D-0A53-4C04-A838-FAEC3C2345B6}.Release|Any CPU.Build.0 = Release|Any CPU
		{4C1BF059-29E2-4748-85EE-5460C0C0C3AB}.Debug|Any CPU.ActiveCfg = Debug|Any CPU
		{4C1BF059-29E2-4748-85EE-5460C0C0C3AB}.Debug|Any CPU.Build.0 = Debug|Any CPU
		{4C1BF059-29E2-4748-85EE-5460C0C0C3AB}.Release|Any CPU.ActiveCfg = Release|Any CPU
		{4C1BF059-29E2-4748-85EE-5460C0C0C3AB}.Release|Any CPU.Build.0 = Release|Any CPU
		{1B47F21A-CA16-489D-A581-F88931466AC3}.Debug|Any CPU.ActiveCfg = Debug|Any CPU
		{1B47F21A-CA16-489D-A581-F88931466AC3}.Debug|Any CPU.Build.0 = Debug|Any CPU
		{1B47F21A-CA16-489D-A581-F88931466AC3}.Release|Any CPU.ActiveCfg = Release|Any CPU
		{1B47F21A-CA16-489D-A581-F88931466AC3}.Release|Any CPU.Build.0 = Release|Any CPU
	EndGlobalSection
	GlobalSection(NestedProjects) = preSolution
		{A8C7DB11-556A-4B5E-BD92-F2E1A84C7A3A} = {B35A1D15-2ECF-4C6D-9F95-E955A610E8D2}
	EndGlobalSection
EndGlobal
